
Microsoft Visual Studio Solution File, Format Version 12.00
# Visual Studio Version 17
VisualStudioVersion = 17.5.33530.505
MinimumVisualStudioVersion = 10.0.40219.1
Project("{FAE04EC0-301F-11D3-BF4B-00C04F79EFBC}") = "Exercise_4", "Exercise_4.csproj", "{93B1BBE1-B09D-43BD-911B-DA1B67ADDF28}"
EndProject
Global
	GlobalSection(SolutionConfigurationPlatforms) = preSolution
		Debug|Any CPU = Debug|Any CPU
		Release|Any CPU = Release|Any CPU
	EndGlobalSection
	GlobalSection(ProjectConfigurationPlatforms) = postSolution
		{93B1BBE1-B09D-43BD-911B-DA1B67ADDF28}.Debug|Any CPU.ActiveCfg = Debug|Any CPU
		{93B1BBE1-B09D-43BD-911B-DA1B67ADDF28}.Debug|Any CPU.Build.0 = Debug|Any CPU
		{93B1BBE1-B09D-43BD-911B-DA1B67ADDF28}.Release|Any CPU.ActiveCfg = Release|Any CPU
		{93B1BBE1-B09D-43BD-911B-DA1B67ADDF28}.Release|Any CPU.Build.0 = Release|Any CPU
	EndGlobalSection
	GlobalSection(SolutionProperties) = preSolution
		HideSolutionNode = FALSE
	EndGlobalSection
	GlobalSection(ExtensibilityGlobals) = postSolution
		SolutionGuid = {C53E8256-9C7C-4119-BB3D-AD2740861512}
	EndGlobalSection
EndGlobal
