
Microsoft Visual Studio Solution File, Format Version 12.00
# Visual Studio Version 17
VisualStudioVersion = 17.6.33723.286
MinimumVisualStudioVersion = 10.0.40219.1
Project("{9A19103F-16F7-4668-BE54-9A1E7A4F7556}") = "Exercise_2", "Exercise_2.csproj", "{873F3411-50B7-48F4-8226-77640E26300F}"
EndProject
Project("{2150E333-8FDC-42A3-9474-1A3956D46DE8}") = "Solution Items", "Solution Items", "{C1613742-5152-4A7B-9489-94506086786F}"
	ProjectSection(SolutionItems) = preProject
		README.md = README.md
	EndProjectSection
EndProject
Global
	GlobalSection(SolutionConfigurationPlatforms) = preSolution
		Debug|Any CPU = Debug|Any CPU
		Release|Any CPU = Release|Any CPU
	EndGlobalSection
	GlobalSection(ProjectConfigurationPlatforms) = postSolution
		{873F3411-50B7-48F4-8226-77640E26300F}.Debug|Any CPU.ActiveCfg = Debug|Any CPU
		{873F3411-50B7-48F4-8226-77640E26300F}.Debug|Any CPU.Build.0 = Debug|Any CPU
		{873F3411-50B7-48F4-8226-77640E26300F}.Release|Any CPU.ActiveCfg = Release|Any CPU
		{873F3411-50B7-48F4-8226-77640E26300F}.Release|Any CPU.Build.0 = Release|Any CPU
	EndGlobalSection
	GlobalSection(SolutionProperties) = preSolution
		HideSolutionNode = FALSE
	EndGlobalSection
	GlobalSection(ExtensibilityGlobals) = postSolution
		SolutionGuid = {2E002E5E-B364-423E-A9D7-57FB178A407D}
	EndGlobalSection
EndGlobal
