
Microsoft Visual Studio Solution File, Format Version 12.00
# Visual Studio Version 17
VisualStudioVersion = 17.3.32929.385
MinimumVisualStudioVersion = 10.0.40219.1
Project("{FAE04EC0-301F-11D3-BF4B-00C04F79EFBC}") = "Exercise_2", "Exercise_2.csproj", "{4AEC4753-E0AE-443F-8307-B300399CE052}"
EndProject
Global
	GlobalSection(SolutionConfigurationPlatforms) = preSolution
		Debug|Any CPU = Debug|Any CPU
		Release|Any CPU = Release|Any CPU
	EndGlobalSection
	GlobalSection(ProjectConfigurationPlatforms) = postSolution
		{4AEC4753-E0AE-443F-8307-B300399CE052}.Debug|Any CPU.ActiveCfg = Debug|Any CPU
		{4AEC4753-E0AE-443F-8307-B300399CE052}.Debug|Any CPU.Build.0 = Debug|Any CPU
		{4AEC4753-E0AE-443F-8307-B300399CE052}.Release|Any CPU.ActiveCfg = Release|Any CPU
		{4AEC4753-E0AE-443F-8307-B300399CE052}.Release|Any CPU.Build.0 = Release|Any CPU
	EndGlobalSection
	GlobalSection(SolutionProperties) = preSolution
		HideSolutionNode = FALSE
	EndGlobalSection
	GlobalSection(ExtensibilityGlobals) = postSolution
		SolutionGuid = {48D4BF18-B54B-42E1-BA36-BD962FB6FF4D}
	EndGlobalSection
EndGlobal
